PODS:
  - Alamofire (4.5.1)
  - RxCocoa (3.6.1):
    - RxSwift (~> 3.6)
  - RxGesture (1.1.1):
    - RxCocoa (~> 3.6)
    - RxSwift (~> 3.6)
  - RxKeyboard (0.6.2):
    - RxCocoa (>= 3.4)
    - RxSwift (>= 3.4)
  - RxSwift (3.6.1)
  - SkyFloatingLabelTextField (3.2.0)
  - SnapKit (3.2.0)
  - SwiftyJSON (3.1.4)

DEPENDENCIES:
  - Alamofire
  - RxCocoa (~> 3.5)
  - RxGesture
  - RxKeyboard
  - RxSwift (~> 3.5)
  - SkyFloatingLabelTextField
  - SnapKit (~> 3.2)
  - SwiftyJSON

SPEC CHECKSUMS:
  Alamofire: 2d95912bf4c34f164fdfc335872e8c312acaea4a
  RxCocoa: 84a08739ab186248c7f31ce4ee92d6f8a947d690
  RxGesture: a297957f2940b50f7073d1e7ff0eaa3f87cd27a5
  RxKeyboard: 09e6bd45070888cd9701e941b2324a49cc974a1b
  RxSwift: f9de85ea20cd2f7716ee5409fc13523dc638e4e4
  SkyFloatingLabelTextField: 4e2d2f7160af660ed1da6bb9d0027b5c474b4b79
  SnapKit: 1ca44df72cfa543218d177cb8aab029d10d86ea7
  SwiftyJSON: c2842d878f95482ffceec5709abc3d05680c0220

PODFILE CHECKSUM: e596d0e067ab5b18af87c630457098d36c1d595a

COCOAPODS: 1.2.0
