// !$*UTF8*$!
{
	archiveVersion = 1;
	classes = {
	};
	objectVersion = 48;
	objects = {

/* Begin PBXBuildFile section */
		9090952D1F796340004680A4 /* AppDelegate.swift in Sources */ = {isa = PBXBuildFile; fileRef = 9090952C1F796340004680A4 /* AppDelegate.swift */; };
		9090952F1F796340004680A4 /* ViewController.swift in Sources */ = {isa = PBXBuildFile; fileRef = 9090952E1F796340004680A4 /* ViewController.swift */; };
		909095321F796340004680A4 /* Main.storyboard in Resources */ = {isa = PBXBuildFile; fileRef = 909095301F796340004680A4 /* Main.storyboard */; };
		909095341F796340004680A4 /* Assets.xcassets in Resources */ = {isa = PBXBuildFile; fileRef = 909095331F796340004680A4 /* Assets.xcassets */; };
		909095371F796340004680A4 /* LaunchScreen.storyboard in Resources */ = {isa = PBXBuildFile; fileRef = 909095351F796340004680A4 /* LaunchScreen.storyboard */; };
		909095421F796341004680A4 /* AuthExampleTests.swift in Sources */ = {isa = PBXBuildFile; fileRef = 909095411F796341004680A4 /* AuthExampleTests.swift */; };
/* End PBXBuildFile section */

/* Begin PBXContainerItemProxy section */
		9090953E1F796341004680A4 /* PBXContainerItemProxy */ = {
			isa = PBXContainerItemProxy;
			containerPortal = 909095211F796340004680A4 /* Project object */;
			proxyType = 1;
			remoteGlobalIDString = 909095281F796340004680A4;
			remoteInfo = AuthExample;
		};
/* End PBXContainerItemProxy section */

/* Begin PBXFileReference section */
		909095291F796340004680A4 /* AuthExample.app */ = {isa = PBXFileReference; explicitFileType = wrapper.application; includeInIndex = 0; path = AuthExample.app; sourceTree = BUILT_PRODUCTS_DIR; };
		9090952C1F796340004680A4 /* AppDelegate.swift */ = {isa = PBXFileReference; lastKnownFileType = sourcecode.swift; path = AppDelegate.swift; sourceTree = "<group>"; };
		9090952E1F796340004680A4 /* ViewController.swift */ = {isa = PBXFileReference; lastKnownFileType = sourcecode.swift; path = ViewController.swift; sourceTree = "<group>"; };
		909095311F796340004680A4 /* Base */ = {isa = PBXFileReference; lastKnownFileType = file.storyboard; name = Base; path = Base.lproj/Main.storyboard; sourceTree = "<group>"; };
		909095331F796340004680A4 /* Assets.xcassets */ = {isa = PBXFileReference; lastKnownFileType = folder.assetcatalog; path = Assets.xcassets; sourceTree = "<group>"; };
		909095361F796340004680A4 /* Base */ = {isa = PBXFileReference; lastKnownFileType = file.storyboard; name = Base; path = Base.lproj/LaunchScreen.storyboard; sourceTree = "<group>"; };
		909095381F796340004680A4 /* Info.plist */ = {isa = PBXFileReference; lastKnownFileType = text.plist.xml; path = Info.plist; sourceTree = "<group>"; };
		9090953D1F796341004680A4 /* AuthExampleTests.xctest */ = {isa = PBXFileReference; explicitFileType = wrapper.cfbundle; includeInIndex = 0; path = AuthExampleTests.xctest; sourceTree = BUILT_PRODUCTS_DIR; };
		909095411F796341004680A4 /* AuthExampleTests.swift */ = {isa = PBXFileReference; lastKnownFileType = sourcecode.swift; path = AuthExampleTests.swift; sourceTree = "<group>"; };
		909095431F796341004680A4 /* Info.plist */ = {isa = PBXFileReference; lastKnownFileType = text.plist.xml; path = Info.plist; sourceTree = "<group>"; };
/* End PBXFileReference section */

/* Begin PBXFrameworksBuildPhase section */
		909095261F796340004680A4 /* Frameworks */ = {
			isa = PBXFrameworksBuildPhase;
			buildActionMask = 2147483647;
			files = (
			);
			runOnlyForDeploymentPostprocessing = 0;
		};
		9090953A1F796341004680A4 /* Frameworks */ = {
			isa = PBXFrameworksBuildPhase;
			buildActionMask = 2147483647;
			files = (
			);
			runOnlyForDeploymentPostprocessing = 0;
		};
/* End PBXFrameworksBuildPhase section */

/* Begin PBXGroup section */
		909095201F796340004680A4 = {
			isa = PBXGroup;
			children = (
				9090952B1F796340004680A4 /* AuthExample */,
				909095401F796341004680A4 /* AuthExampleTests */,
				9090952A1F796340004680A4 /* Products */,
			);
			sourceTree = "<group>";
		};
		9090952A1F796340004680A4 /* Products */ = {
			isa = PBXGroup;
			children = (
				909095291F796340004680A4 /* AuthExample.app */,
				9090953D1F796341004680A4 /* AuthExampleTests.xctest */,
			);
			name = Products;
			sourceTree = "<group>";
		};
		9090952B1F796340004680A4 /* AuthExample */ = {
			isa = PBXGroup;
			children = (
				9090952C1F796340004680A4 /* AppDelegate.swift */,
				9090952E1F796340004680A4 /* ViewController.swift */,
				909095301F796340004680A4 /* Main.storyboard */,
				909095331F796340004680A4 /* Assets.xcassets */,
				909095351F796340004680A4 /* LaunchScreen.storyboard */,
				909095381F796340004680A4 /* Info.plist */,
			);
			path = AuthExample;
			sourceTree = "<group>";
		};
		909095401F796341004680A4 /* AuthExampleTests */ = {
			isa = PBXGroup;
			children = (
				909095411F796341004680A4 /* AuthExampleTests.swift */,
				909095431F796341004680A4 /* Info.plist */,
			);
			path = AuthExampleTests;
			sourceTree = "<group>";
		};
/* End PBXGroup section */

/* Begin PBXNativeTarget section */
		909095281F796340004680A4 /* AuthExample */ = {
			isa = PBXNativeTarget;
			buildConfigurationList = 909095461F796341004680A4 /* Build configuration list for PBXNativeTarget "AuthExample" */;
			buildPhases = (
				909095251F796340004680A4 /* Sources */,
				909095261F796340004680A4 /* Frameworks */,
				909095271F796340004680A4 /* Resources */,
			);
			buildRules = (
			);
			dependencies = (
			);
			name = AuthExample;
			productName = AuthExample;
			productReference = 909095291F796340004680A4 /* AuthExample.app */;
			productType = "com.apple.product-type.application";
		};
		9090953C1F796341004680A4 /* AuthExampleTests */ = {
			isa = PBXNativeTarget;
			buildConfigurationList = 909095491F796341004680A4 /* Build configuration list for PBXNativeTarget "AuthExampleTests" */;
			buildPhases = (
				909095391F796341004680A4 /* Sources */,
				9090953A1F796341004680A4 /* Frameworks */,
				9090953B1F796341004680A4 /* Resources */,
			);
			buildRules = (
			);
			dependencies = (
				9090953F1F796341004680A4 /* PBXTargetDependency */,
			);
			name = AuthExampleTests;
			productName = AuthExampleTests;
			productReference = 9090953D1F796341004680A4 /* AuthExampleTests.xctest */;
			productType = "com.apple.product-type.bundle.unit-test";
		};
/* End PBXNativeTarget section */

/* Begin PBXProject section */
		909095211F796340004680A4 /* Project object */ = {
			isa = PBXProject;
			attributes = {
				LastSwiftUpdateCheck = 0900;
				LastUpgradeCheck = 0900;
				ORGANIZATIONNAME = "Mikhail Lukyanov";
				TargetAttributes = {
					909095281F796340004680A4 = {
						CreatedOnToolsVersion = 9.0;
						ProvisioningStyle = Automatic;
					};
					9090953C1F796341004680A4 = {
						CreatedOnToolsVersion = 9.0;
						ProvisioningStyle = Automatic;
						TestTargetID = 909095281F796340004680A4;
					};
				};
			};
			buildConfigurationList = 909095241F796340004680A4 /* Build configuration list for PBXProject "AuthExample" */;
			compatibilityVersion = "Xcode 8.0";
			developmentRegion = en;
			hasScannedForEncodings = 0;
			knownRegions = (
				en,
				Base,
			);
			mainGroup = 909095201F796340004680A4;
			productRefGroup = 9090952A1F796340004680A4 /* Products */;
			projectDirPath = "";
			projectRoot = "";
			targets = (
				909095281F796340004680A4 /* AuthExample */,
				9090953C1F796341004680A4 /* AuthExampleTests */,
			);
		};
/* End PBXProject section */

/* Begin PBXResourcesBuildPhase section */
		909095271F796340004680A4 /* Resources */ = {
			isa = PBXResourcesBuildPhase;
			buildActionMask = 2147483647;
			files = (
				909095371F796340004680A4 /* LaunchScreen.storyboard in Resources */,
				909095341F796340004680A4 /* Assets.xcassets in Resources */,
				909095321F796340004680A4 /* Main.storyboard in Resources */,
			);
			runOnlyForDeploymentPostprocessing = 0;
		};
		9090953B1F796341004680A4 /* Resources */ = {
			isa = PBXResourcesBuildPhase;
			buildActionMask = 2147483647;
			files = (
			);
			runOnlyForDeploymentPostprocessing = 0;
		};
/* End PBXResourcesBuildPhase section */

/* Begin PBXSourcesBuildPhase section */
		909095251F796340004680A4 /* Sources */ = {
			isa = PBXSourcesBuildPhase;
			buildActionMask = 2147483647;
			files = (
				9090952F1F796340004680A4 /* ViewController.swift in Sources */,
				9090952D1F796340004680A4 /* AppDelegate.swift in Sources */,
			);
			runOnlyForDeploymentPostprocessing = 0;
		};
		909095391F796341004680A4 /* Sources */ = {
			isa = PBXSourcesBuildPhase;
			buildActionMask = 2147483647;
			files = (
				909095421F796341004680A4 /* AuthExampleTests.swift in Sources */,
			);
			runOnlyForDeploymentPostprocessing = 0;
		};
/* End PBXSourcesBuildPhase section */

/* Begin PBXTargetDependency section */
		9090953F1F796341004680A4 /* PBXTargetDependency */ = {
			isa = PBXTargetDependency;
			target = 909095281F796340004680A4 /* AuthExample */;
			targetProxy = 9090953E1F796341004680A4 /* PBXContainerItemProxy */;
		};
/* End PBXTargetDependency section */

/* Begin PBXVariantGroup section */
		909095301F796340004680A4 /* Main.storyboard */ = {
			isa = PBXVariantGroup;
			children = (
				909095311F796340004680A4 /* Base */,
			);
			name = Main.storyboard;
			sourceTree = "<group>";
		};
		909095351F796340004680A4 /* LaunchScreen.storyboard */ = {
			isa = PBXVariantGroup;
			children = (
				909095361F796340004680A4 /* Base */,
			);
			name = LaunchScreen.storyboard;
			sourceTree = "<group>";
		};
/* End PBXVariantGroup section */

/* Begin XCBuildConfiguration section */
		909095441F796341004680A4 /* Debug */ = {
			isa = XCBuildConfiguration;
			buildSettings = {
				ALWAYS_SEARCH_USER_PATHS = NO;
				CLANG_ANALYZER_NONNULL = YES;
				CLANG_ANALYZER_NUMBER_OBJECT_CONVERSION = YES_AGGRESSIVE;
				CLANG_CXX_LANGUAGE_STANDARD = "gnu++14";
				CLANG_CXX_LIBRARY = "libc++";
				CLANG_ENABLE_MODULES = YES;
				CLANG_ENABLE_OBJC_ARC = YES;
				CLANG_WARN_BLOCK_CAPTURE_AUTORELEASING = YES;
				CLANG_WARN_BOOL_CONVERSION = YES;
				CLANG_WARN_COMMA = YES;
				CLANG_WARN_CONSTANT_CONVERSION = YES;
				CLANG_WARN_DIRECT_OBJC_ISA_USAGE = YES_ERROR;
				CLANG_WARN_DOCUMENTATION_COMMENTS = YES;
				CLANG_WARN_EMPTY_BODY = YES;
				CLANG_WARN_ENUM_CONVERSION = YES;
				CLANG_WARN_INFINITE_RECURSION = YES;
				CLANG_WARN_INT_CONVERSION = YES;
				CLANG_WARN_NON_LITERAL_NULL_CONVERSION = YES;
				CLANG_WARN_OBJC_LITERAL_CONVERSION = YES;
				CLANG_WARN_OBJC_ROOT_CLASS = YES_ERROR;
				CLANG_WARN_RANGE_LOOP_ANALYSIS = YES;
				CLANG_WARN_STRICT_PROTOTYPES = YES;
				CLANG_WARN_SUSPICIOUS_MOVE = YES;
				CLANG_WARN_UNGUARDED_AVAILABILITY = YES_AGGRESSIVE;
				CLANG_WARN_UNREACHABLE_CODE = YES;
				CLANG_WARN__DUPLICATE_METHOD_MATCH = YES;
				CODE_SIGN_IDENTITY = "iPhone Developer";
				COPY_PHASE_STRIP = NO;
				DEBUG_INFORMATION_FORMAT = dwarf;
				ENABLE_STRICT_OBJC_MSGSEND = YES;
				ENABLE_TESTABILITY = YES;
				GCC_C_LANGUAGE_STANDARD = gnu11;
				GCC_DYNAMIC_NO_PIC = NO;
				GCC_NO_COMMON_BLOCKS = YES;
				GCC_OPTIMIZATION_LEVEL = 0;
				GCC_PREPROCESSOR_DEFINITIONS = (
					"DEBUG=1",
					"$(inherited)",
				);
				GCC_WARN_64_TO_32_BIT_CONVERSION = YES;
				GCC_WARN_ABOUT_RETURN_TYPE = YES_ERROR;
				GCC_WARN_UNDECLARED_SELECTOR = YES;
				GCC_WARN_UNINITIALIZED_AUTOS = YES_AGGRESSIVE;
				GCC_WARN_UNUSED_FUNCTION = YES;
				GCC_WARN_UNUSED_VARIABLE = YES;
				IPHONEOS_DEPLOYMENT_TARGET = 11.0;
				MTL_ENABLE_DEBUG_INFO = YES;
				ONLY_ACTIVE_ARCH = YES;
				SDKROOT = iphoneos;
				SWIFT_ACTIVE_COMPILATION_CONDITIONS = DEBUG;
				SWIFT_OPTIMIZATION_LEVEL = "-Onone";
			};
			name = Debug;
		};
		909095451F796341004680A4 /* Release */ = {
			isa = XCBuildConfiguration;
			buildSettings = {
				ALWAYS_SEARCH_USER_PATHS = NO;
				CLANG_ANALYZER_NONNULL = YES;
				CLANG_ANALYZER_NUMBER_OBJECT_CONVERSION = YES_AGGRESSIVE;
				CLANG_CXX_LANGUAGE_STANDARD = "gnu++14";
				CLANG_CXX_LIBRARY = "libc++";
				CLANG_ENABLE_MODULES = YES;
				CLANG_ENABLE_OBJC_ARC = YES;
				CLANG_WARN_BLOCK_CAPTURE_AUTORELEASING = YES;
				CLANG_WARN_BOOL_CONVERSION = YES;
				CLANG_WARN_COMMA = YES;
				CLANG_WARN_CONSTANT_CONVERSION = YES;
				CLANG_WARN_DIRECT_OBJC_ISA_USAGE = YES_ERROR;
				CLANG_WARN_DOCUMENTATION_COMMENTS = YES;
				CLANG_WARN_EMPTY_BODY = YES;
				CLANG_WARN_ENUM_CONVERSION = YES;
				CLANG_WARN_INFINITE_RECURSION = YES;
				CLANG_WARN_INT_CONVERSION = YES;
				CLANG_WARN_NON_LITERAL_NULL_CONVERSION = YES;
				CLANG_WARN_OBJC_LITERAL_CONVERSION = YES;
				CLANG_WARN_OBJC_ROOT_CLASS = YES_ERROR;
				CLANG_WARN_RANGE_LOOP_ANALYSIS = YES;
				CLANG_WARN_STRICT_PROTOTYPES = YES;
				CLANG_WARN_SUSPICIOUS_MOVE = YES;
				CLANG_WARN_UNGUARDED_AVAILABILITY = YES_AGGRESSIVE;
				CLANG_WARN_UNREACHABLE_CODE = YES;
				CLANG_WARN__DUPLICATE_METHOD_MATCH = YES;
				CODE_SIGN_IDENTITY = "iPhone Developer";
				COPY_PHASE_STRIP = NO;
				DEBUG_INFORMATION_FORMAT = "dwarf-with-dsym";
				ENABLE_NS_ASSERTIONS = NO;
				ENABLE_STRICT_OBJC_MSGSEND = YES;
				GCC_C_LANGUAGE_STANDARD = gnu11;
				GCC_NO_COMMON_BLOCKS = YES;
				GCC_WARN_64_TO_32_BIT_CONVERSION = YES;
				GCC_WARN_ABOUT_RETURN_TYPE = YES_ERROR;
				GCC_WARN_UNDECLARED_SELECTOR = YES;
				GCC_WARN_UNINITIALIZED_AUTOS = YES_AGGRESSIVE;
				GCC_WARN_UNUSED_FUNCTION = YES;
				GCC_WARN_UNUSED_VARIABLE = YES;
				IPHONEOS_DEPLOYMENT_TARGET = 11.0;
				MTL_ENABLE_DEBUG_INFO = NO;
				SDKROOT = iphoneos;
				SWIFT_OPTIMIZATION_LEVEL = "-Owholemodule";
				VALIDATE_PRODUCT = YES;
			};
			name = Release;
		};
		909095471F796341004680A4 /* Debug */ = {
			isa = XCBuildConfiguration;
			buildSettings = {
				ASSETCATALOG_COMPILER_APPICON_NAME = AppIcon;
				CODE_SIGN_STYLE = Automatic;
				DEVELOPMENT_TEAM = 8W2KJ8XWU9;
				INFOPLIST_FILE = AuthExample/Info.plist;
				LD_RUNPATH_SEARCH_PATHS = "$(inherited) @executable_path/Frameworks";
				PRODUCT_BUNDLE_IDENTIFIER = lukyanov.AuthExample;
				PRODUCT_NAME = "$(TARGET_NAME)";
				SWIFT_VERSION = 4.0;
				TARGETED_DEVICE_FAMILY = "1,2";
			};
			name = Debug;
		};
		909095481F796341004680A4 /* Release */ = {
			isa = XCBuildConfiguration;
			buildSettings = {
				ASSETCATALOG_COMPILER_APPICON_NAME = AppIcon;
				CODE_SIGN_STYLE = Automatic;
				DEVELOPMENT_TEAM = 8W2KJ8XWU9;
				INFOPLIST_FILE = AuthExample/Info.plist;
				LD_RUNPATH_SEARCH_PATHS = "$(inherited) @executable_path/Frameworks";
				PRODUCT_BUNDLE_IDENTIFIER = lukyanov.AuthExample;
				PRODUCT_NAME = "$(TARGET_NAME)";
				SWIFT_VERSION = 4.0;
				TARGETED_DEVICE_FAMILY = "1,2";
			};
			name = Release;
		};
		9090954A1F796341004680A4 /* Debug */ = {
			isa = XCBuildConfiguration;
			buildSettings = {
				ALWAYS_EMBED_SWIFT_STANDARD_LIBRARIES = YES;
				BUNDLE_LOADER = "$(TEST_HOST)";
				CODE_SIGN_STYLE = Automatic;
				DEVELOPMENT_TEAM = 8W2KJ8XWU9;
				INFOPLIST_FILE = AuthExampleTests/Info.plist;
				LD_RUNPATH_SEARCH_PATHS = "$(inherited) @executable_path/Frameworks @loader_path/Frameworks";
				PRODUCT_BUNDLE_IDENTIFIER = lukyanov.AuthExampleTests;
				PRODUCT_NAME = "$(TARGET_NAME)";
				SWIFT_VERSION = 4.0;
				TARGETED_DEVICE_FAMILY = "1,2";
				TEST_HOST = "$(BUILT_PRODUCTS_DIR)/AuthExample.app/AuthExample";
			};
			name = Debug;
		};
		9090954B1F796341004680A4 /* Release */ = {
			isa = XCBuildConfiguration;
			buildSettings = {
				ALWAYS_EMBED_SWIFT_STANDARD_LIBRARIES = YES;
				BUNDLE_LOADER = "$(TEST_HOST)";
				CODE_SIGN_STYLE = Automatic;
				DEVELOPMENT_TEAM = 8W2KJ8XWU9;
				INFOPLIST_FILE = AuthExampleTests/Info.plist;
				LD_RUNPATH_SEARCH_PATHS = "$(inherited) @executable_path/Frameworks @loader_path/Frameworks";
				PRODUCT_BUNDLE_IDENTIFIER = lukyanov.AuthExampleTests;
				PRODUCT_NAME = "$(TARGET_NAME)";
				SWIFT_VERSION = 4.0;
				TARGETED_DEVICE_FAMILY = "1,2";
				TEST_HOST = "$(BUILT_PRODUCTS_DIR)/AuthExample.app/AuthExample";
			};
			name = Release;
		};
/* End XCBuildConfiguration section */

/* Begin XCConfigurationList section */
		909095241F796340004680A4 /* Build configuration list for PBXProject "AuthExample" */ = {
			isa = XCConfigurationList;
			buildConfigurations = (
				909095441F796341004680A4 /* Debug */,
				909095451F796341004680A4 /* Release */,
			);
			defaultConfigurationIsVisible = 0;
			defaultConfigurationName = Release;
		};
		909095461F796341004680A4 /* Build configuration list for PBXNativeTarget "AuthExample" */ = {
			isa = XCConfigurationList;
			buildConfigurations = (
				909095471F796341004680A4 /* Debug */,
				909095481F796341004680A4 /* Release */,
			);
			defaultConfigurationIsVisible = 0;
			defaultConfigurationName = Release;
		};
		909095491F796341004680A4 /* Build configuration list for PBXNativeTarget "AuthExampleTests" */ = {
			isa = XCConfigurationList;
			buildConfigurations = (
				9090954A1F796341004680A4 /* Debug */,
				9090954B1F796341004680A4 /* Release */,
			);
			defaultConfigurationIsVisible = 0;
			defaultConfigurationName = Release;
		};
/* End XCConfigurationList section */
	};
	rootObject = 909095211F796340004680A4 /* Project object */;
}
